
Microsoft Visual Studio Solution File, Format Version 12.00
# Visual Studio Version 17
VisualStudioVersion = 17.0.32112.339
MinimumVisualStudioVersion = 10.0.40219.1
Project("{9A19103F-16F7-4668-BE54-9A1E7A4F7556}") = "Mastery", "Mastery.csproj", "{B9525500-3A18-4188-8F7C-479671E0CF9D}"
EndProject
Project("{FAE04EC0-301F-11D3-BF4B-00C04F79EFBC}") = "Mastery.Tests", "..\Mastery.Tests\Mastery.Tests.csproj", "{66D4C228-71D4-408F-90B4-7B1E2122F7BB}"
EndProject
Global
	GlobalSection(SolutionConfigurationPlatforms) = preSolution
		Debug|Any CPU = Debug|Any CPU
		Release|Any CPU = Release|Any CPU
	EndGlobalSection
	GlobalSection(ProjectConfigurationPlatforms) = postSolution
		{B9525500-3A18-4188-8F7C-479671E0CF9D}.Debug|Any CPU.ActiveCfg = Debug|Any CPU
		{B9525500-3A18-4188-8F7C-479671E0CF9D}.Debug|Any CPU.Build.0 = Debug|Any CPU
		{B9525500-3A18-4188-8F7C-479671E0CF9D}.Release|Any CPU.ActiveCfg = Release|Any CPU
		{B9525500-3A18-4188-8F7C-479671E0CF9D}.Release|Any CPU.Build.0 = Release|Any CPU
		{66D4C228-71D4-408F-90B4-7B1E2122F7BB}.Debug|Any CPU.ActiveCfg = Debug|Any CPU
		{66D4C228-71D4-408F-90B4-7B1E2122F7BB}.Debug|Any CPU.Build.0 = Debug|Any CPU
		{66D4C228-71D4-408F-90B4-7B1E2122F7BB}.Release|Any CPU.ActiveCfg = Release|Any CPU
		{66D4C228-71D4-408F-90B4-7B1E2122F7BB}.Release|Any CPU.Build.0 = Release|Any CPU
	EndGlobalSection
	GlobalSection(SolutionProperties) = preSolution
		HideSolutionNode = FALSE
	EndGlobalSection
	GlobalSection(ExtensibilityGlobals) = postSolution
		SolutionGuid = {441D2917-9329-47E4-BC5F-B4360EF1F799}
	EndGlobalSection
EndGlobal
